
Microsoft Visual Studio Solution File, Format Version 12.00
# Visual Studio Version 17
VisualStudioVersion = 17.1.32414.318
MinimumVisualStudioVersion = 10.0.40219.1
Project("{FAE04EC0-301F-11D3-BF4B-00C04F79EFBC}") = "Juegos de Craps", "Juegos de Craps\Juegos de Craps.csproj", "{D7C31785-F4A9-4559-B608-40E8F3A5C512}"
EndProject
Global
	GlobalSection(SolutionConfigurationPlatforms) = preSolution
		Debug|Any CPU = Debug|Any CPU
		Release|Any CPU = Release|Any CPU
	EndGlobalSection
	GlobalSection(ProjectConfigurationPlatforms) = postSolution
		{D7C31785-F4A9-4559-B608-40E8F3A5C512}.Debug|Any CPU.ActiveCfg = Debug|Any CPU
		{D7C31785-F4A9-4559-B608-40E8F3A5C512}.Debug|Any CPU.Build.0 = Debug|Any CPU
		{D7C31785-F4A9-4559-B608-40E8F3A5C512}.Release|Any CPU.ActiveCfg = Release|Any CPU
		{D7C31785-F4A9-4559-B608-40E8F3A5C512}.Release|Any CPU.Build.0 = Release|Any CPU
	EndGlobalSection
	GlobalSection(SolutionProperties) = preSolution
		HideSolutionNode = FALSE
	EndGlobalSection
	GlobalSection(ExtensibilityGlobals) = postSolution
		SolutionGuid = {5AFFC79D-E9BA-444D-AA4E-AB27CB6A37AB}
	EndGlobalSection
EndGlobal
